// !$*UTF8*$!
{
	archiveVersion = 1;
	classes = {
	};
	objectVersion = 56;
	objects = {

/* Begin PBXBuildFile section */
		065641192A1C7CA700A62666 /* TabBarController.swift in Sources */ = {isa = PBXBuildFile; fileRef = 065641182A1C7CA700A62666 /* TabBarController.swift */; };
		0656411B2A1C810D00A62666 /* FriendViewController.swift in Sources */ = {isa = PBXBuildFile; fileRef = 0656411A2A1C810D00A62666 /* FriendViewController.swift */; };
		0656411D2A1C82CE00A62666 /* FriendCell.swift in Sources */ = {isa = PBXBuildFile; fileRef = 0656411C2A1C82CE00A62666 /* FriendCell.swift */; };
		06B02C922A1B468F00899F69 /* AppDelegate.swift in Sources */ = {isa = PBXBuildFile; fileRef = 06B02C912A1B468F00899F69 /* AppDelegate.swift */; };
		06B02C942A1B468F00899F69 /* SceneDelegate.swift in Sources */ = {isa = PBXBuildFile; fileRef = 06B02C932A1B468F00899F69 /* SceneDelegate.swift */; };
		06B02C962A1B468F00899F69 /* ViewController.swift in Sources */ = {isa = PBXBuildFile; fileRef = 06B02C952A1B468F00899F69 /* ViewController.swift */; };
		06B02C992A1B468F00899F69 /* Main.storyboard in Resources */ = {isa = PBXBuildFile; fileRef = 06B02C972A1B468F00899F69 /* Main.storyboard */; };
		06B02C9B2A1B469000899F69 /* Assets.xcassets in Resources */ = {isa = PBXBuildFile; fileRef = 06B02C9A2A1B469000899F69 /* Assets.xcassets */; };
		06B02C9E2A1B469000899F69 /* LaunchScreen.storyboard in Resources */ = {isa = PBXBuildFile; fileRef = 06B02C9C2A1B469000899F69 /* LaunchScreen.storyboard */; };
		06B02CA92A1B472D00899F69 /* FirebaseFirestoreSwift in Frameworks */ = {isa = PBXBuildFile; productRef = 06B02CA82A1B472D00899F69 /* FirebaseFirestoreSwift */; };
		06B02CAB2A1B47FA00899F69 /* GoogleService-Info.plist in Resources */ = {isa = PBXBuildFile; fileRef = 06B02CAA2A1B47FA00899F69 /* GoogleService-Info.plist */; };
/* End PBXBuildFile section */

/* Begin PBXFileReference section */
		065641182A1C7CA700A62666 /* TabBarController.swift */ = {isa = PBXFileReference; lastKnownFileType = sourcecode.swift; path = TabBarController.swift; sourceTree = "<group>"; };
		0656411A2A1C810D00A62666 /* FriendViewController.swift */ = {isa = PBXFileReference; lastKnownFileType = sourcecode.swift; path = FriendViewController.swift; sourceTree = "<group>"; };
		0656411C2A1C82CE00A62666 /* FriendCell.swift */ = {isa = PBXFileReference; lastKnownFileType = sourcecode.swift; path = FriendCell.swift; sourceTree = "<group>"; };
		065CA02C2A1B486800FDF314 /* Info.plist */ = {isa = PBXFileReference; fileEncoding = 4; lastKnownFileType = text.plist.xml; path = Info.plist; sourceTree = "<group>"; };
		06B02C8E2A1B468F00899F69 /* NickFireBase.app */ = {isa = PBXFileReference; explicitFileType = wrapper.application; includeInIndex = 0; path = NickFireBase.app; sourceTree = BUILT_PRODUCTS_DIR; };
		06B02C912A1B468F00899F69 /* AppDelegate.swift */ = {isa = PBXFileReference; lastKnownFileType = sourcecode.swift; path = AppDelegate.swift; sourceTree = "<group>"; };
		06B02C932A1B468F00899F69 /* SceneDelegate.swift */ = {isa = PBXFileReference; lastKnownFileType = sourcecode.swift; path = SceneDelegate.swift; sourceTree = "<group>"; };
		06B02C952A1B468F00899F69 /* ViewController.swift */ = {isa = PBXFileReference; lastKnownFileType = sourcecode.swift; path = ViewController.swift; sourceTree = "<group>"; };
		06B02C982A1B468F00899F69 /* Base */ = {isa = PBXFileReference; lastKnownFileType = file.storyboard; name = Base; path = Base.lproj/Main.storyboard; sourceTree = "<group>"; };
		06B02C9A2A1B469000899F69 /* Assets.xcassets */ = {isa = PBXFileReference; lastKnownFileType = folder.assetcatalog; path = Assets.xcassets; sourceTree = "<group>"; };
		06B02C9D2A1B469000899F69 /* Base */ = {isa = PBXFileReference; lastKnownFileType = file.storyboard; name = Base; path = Base.lproj/LaunchScreen.storyboard; sourceTree = "<group>"; };
		06B02CAA2A1B47FA00899F69 /* GoogleService-Info.plist */ = {isa = PBXFileReference; fileEncoding = 4; lastKnownFileType = text.plist.xml; path = "GoogleService-Info.plist"; sourceTree = "<group>"; };
/* End PBXFileReference section */

/* Begin PBXFrameworksBuildPhase section */
		06B02C8B2A1B468F00899F69 /* Frameworks */ = {
			isa = PBXFrameworksBuildPhase;
			buildActionMask = 2147483647;
			files = (
				06B02CA92A1B472D00899F69 /* FirebaseFirestoreSwift in Frameworks */,
			);
			runOnlyForDeploymentPostprocessing = 0;
		};
/* End PBXFrameworksBuildPhase section */

/* Begin PBXGroup section */
		06B02C852A1B468F00899F69 = {
			isa = PBXGroup;
			children = (
				06B02C902A1B468F00899F69 /* NickFireBase */,
				06B02C8F2A1B468F00899F69 /* Products */,
			);
			sourceTree = "<group>";
		};
		06B02C8F2A1B468F00899F69 /* Products */ = {
			isa = PBXGroup;
			children = (
				06B02C8E2A1B468F00899F69 /* NickFireBase.app */,
			);
			name = Products;
			sourceTree = "<group>";
		};
		06B02C902A1B468F00899F69 /* NickFireBase */ = {
			isa = PBXGroup;
			children = (
				06B02C912A1B468F00899F69 /* AppDelegate.swift */,
				06B02C932A1B468F00899F69 /* SceneDelegate.swift */,
				065641182A1C7CA700A62666 /* TabBarController.swift */,
				06B02C952A1B468F00899F69 /* ViewController.swift */,
				0656411A2A1C810D00A62666 /* FriendViewController.swift */,
				0656411C2A1C82CE00A62666 /* FriendCell.swift */,
				06B02C972A1B468F00899F69 /* Main.storyboard */,
				06B02C9A2A1B469000899F69 /* Assets.xcassets */,
				06B02C9C2A1B469000899F69 /* LaunchScreen.storyboard */,
				06B02CAA2A1B47FA00899F69 /* GoogleService-Info.plist */,
				065CA02C2A1B486800FDF314 /* Info.plist */,
			);
			path = NickFireBase;
			sourceTree = "<group>";
		};
/* End PBXGroup section */

/* Begin PBXNativeTarget section */
		06B02C8D2A1B468F00899F69 /* NickFireBase */ = {
			isa = PBXNativeTarget;
			buildConfigurationList = 06B02CA22A1B469000899F69 /* Build configuration list for PBXNativeTarget "NickFireBase" */;
			buildPhases = (
				06B02C8A2A1B468F00899F69 /* Sources */,
				06B02C8B2A1B468F00899F69 /* Frameworks */,
				06B02C8C2A1B468F00899F69 /* Resources */,
			);
			buildRules = (
			);
			dependencies = (
			);
			name = NickFireBase;
			packageProductDependencies = (
				06B02CA82A1B472D00899F69 /* FirebaseFirestoreSwift */,
			);
			productName = NickFireBase;
			productReference = 06B02C8E2A1B468F00899F69 /* NickFireBase.app */;
			productType = "com.apple.product-type.application";
		};
/* End PBXNativeTarget section */

/* Begin PBXProject section */
		06B02C862A1B468F00899F69 /* Project object */ = {
			isa = PBXProject;
			attributes = {
				BuildIndependentTargetsInParallel = 1;
				LastSwiftUpdateCheck = 1430;
				LastUpgradeCheck = 1430;
				TargetAttributes = {
					06B02C8D2A1B468F00899F69 = {
						CreatedOnToolsVersion = 14.3;
					};
				};
			};
			buildConfigurationList = 06B02C892A1B468F00899F69 /* Build configuration list for PBXProject "NickFireBase" */;
			compatibilityVersion = "Xcode 14.0";
			developmentRegion = en;
			hasScannedForEncodings = 0;
			knownRegions = (
				en,
				Base,
			);
			mainGroup = 06B02C852A1B468F00899F69;
			packageReferences = (
				06B02CA72A1B472D00899F69 /* XCRemoteSwiftPackageReference "firebase-ios-sdk" */,
			);
			productRefGroup = 06B02C8F2A1B468F00899F69 /* Products */;
			projectDirPath = "";
			projectRoot = "";
			targets = (
				06B02C8D2A1B468F00899F69 /* NickFireBase */,
			);
		};
/* End PBXProject section */

/* Begin PBXResourcesBuildPhase section */
		06B02C8C2A1B468F00899F69 /* Resources */ = {
			isa = PBXResourcesBuildPhase;
			buildActionMask = 2147483647;
			files = (
				06B02C9E2A1B469000899F69 /* LaunchScreen.storyboard in Resources */,
				06B02C9B2A1B469000899F69 /* Assets.xcassets in Resources */,
				06B02C992A1B468F00899F69 /* Main.storyboard in Resources */,
				06B02CAB2A1B47FA00899F69 /* GoogleService-Info.plist in Resources */,
			);
			runOnlyForDeploymentPostprocessing = 0;
		};
/* End PBXResourcesBuildPhase section */

/* Begin PBXSourcesBuildPhase section */
		06B02C8A2A1B468F00899F69 /* Sources */ = {
			isa = PBXSourcesBuildPhase;
			buildActionMask = 2147483647;
			files = (
				06B02C962A1B468F00899F69 /* ViewController.swift in Sources */,
				0656411D2A1C82CE00A62666 /* FriendCell.swift in Sources */,
				065641192A1C7CA700A62666 /* TabBarController.swift in Sources */,
				06B02C922A1B468F00899F69 /* AppDelegate.swift in Sources */,
				06B02C942A1B468F00899F69 /* SceneDelegate.swift in Sources */,
				0656411B2A1C810D00A62666 /* FriendViewController.swift in Sources */,
			);
			runOnlyForDeploymentPostprocessing = 0;
		};
/* End PBXSourcesBuildPhase section */

/* Begin PBXVariantGroup section */
		06B02C972A1B468F00899F69 /* Main.storyboard */ = {
			isa = PBXVariantGroup;
			children = (
				06B02C982A1B468F00899F69 /* Base */,
			);
			name = Main.storyboard;
			sourceTree = "<group>";
		};
		06B02C9C2A1B469000899F69 /* LaunchScreen.storyboard */ = {
			isa = PBXVariantGroup;
			children = (
				06B02C9D2A1B469000899F69 /* Base */,
			);
			name = LaunchScreen.storyboard;
			sourceTree = "<group>";
		};
/* End PBXVariantGroup section */

/* Begin XCBuildConfiguration section */
		06B02CA02A1B469000899F69 /* Debug */ = {
			isa = XCBuildConfiguration;
			buildSettings = {
				ALWAYS_SEARCH_USER_PATHS = NO;
				CLANG_ANALYZER_NONNULL = YES;
				CLANG_ANALYZER_NUMBER_OBJECT_CONVERSION = YES_AGGRESSIVE;
				CLANG_CXX_LANGUAGE_STANDARD = "gnu++20";
				CLANG_ENABLE_MODULES = YES;
				CLANG_ENABLE_OBJC_ARC = YES;
				CLANG_ENABLE_OBJC_WEAK = YES;
				CLANG_WARN_BLOCK_CAPTURE_AUTORELEASING = YES;
				CLANG_WARN_BOOL_CONVERSION = YES;
				CLANG_WARN_COMMA = YES;
				CLANG_WARN_CONSTANT_CONVERSION = YES;
				CLANG_WARN_DEPRECATED_OBJC_IMPLEMENTATIONS = YES;
				CLANG_WARN_DIRECT_OBJC_ISA_USAGE = YES_ERROR;
				CLANG_WARN_DOCUMENTATION_COMMENTS = YES;
				CLANG_WARN_EMPTY_BODY = YES;
				CLANG_WARN_ENUM_CONVERSION = YES;
				CLANG_WARN_INFINITE_RECURSION = YES;
				CLANG_WARN_INT_CONVERSION = YES;
				CLANG_WARN_NON_LITERAL_NULL_CONVERSION = YES;
				CLANG_WARN_OBJC_IMPLICIT_RETAIN_SELF = YES;
				CLANG_WARN_OBJC_LITERAL_CONVERSION = YES;
				CLANG_WARN_OBJC_ROOT_CLASS = YES_ERROR;
				CLANG_WARN_QUOTED_INCLUDE_IN_FRAMEWORK_HEADER = YES;
				CLANG_WARN_RANGE_LOOP_ANALYSIS = YES;
				CLANG_WARN_STRICT_PROTOTYPES = YES;
				CLANG_WARN_SUSPICIOUS_MOVE = YES;
				CLANG_WARN_UNGUARDED_AVAILABILITY = YES_AGGRESSIVE;
				CLANG_WARN_UNREACHABLE_CODE = YES;
				CLANG_WARN__DUPLICATE_METHOD_MATCH = YES;
				COPY_PHASE_STRIP = NO;
				DEBUG_INFORMATION_FORMAT = dwarf;
				ENABLE_STRICT_OBJC_MSGSEND = YES;
				ENABLE_TESTABILITY = YES;
				GCC_C_LANGUAGE_STANDARD = gnu11;
				GCC_DYNAMIC_NO_PIC = NO;
				GCC_NO_COMMON_BLOCKS = YES;
				GCC_OPTIMIZATION_LEVEL = 0;
				GCC_PREPROCESSOR_DEFINITIONS = (
					"DEBUG=1",
					"$(inherited)",
				);
				GCC_WARN_64_TO_32_BIT_CONVERSION = YES;
				GCC_WARN_ABOUT_RETURN_TYPE = YES_ERROR;
				GCC_WARN_UNDECLARED_SELECTOR = YES;
				GCC_WARN_UNINITIALIZED_AUTOS = YES_AGGRESSIVE;
				GCC_WARN_UNUSED_FUNCTION = YES;
				GCC_WARN_UNUSED_VARIABLE = YES;
				IPHONEOS_DEPLOYMENT_TARGET = 16.4;
				MTL_ENABLE_DEBUG_INFO = INCLUDE_SOURCE;
				MTL_FAST_MATH = YES;
				ONLY_ACTIVE_ARCH = YES;
				SDKROOT = iphoneos;
				SWIFT_ACTIVE_COMPILATION_CONDITIONS = DEBUG;
				SWIFT_OPTIMIZATION_LEVEL = "-Onone";
			};
			name = Debug;
		};
		06B02CA12A1B469000899F69 /* Release */ = {
			isa = XCBuildConfiguration;
			buildSettings = {
				ALWAYS_SEARCH_USER_PATHS = NO;
				CLANG_ANALYZER_NONNULL = YES;
				CLANG_ANALYZER_NUMBER_OBJECT_CONVERSION = YES_AGGRESSIVE;
				CLANG_CXX_LANGUAGE_STANDARD = "gnu++20";
				CLANG_ENABLE_MODULES = YES;
				CLANG_ENABLE_OBJC_ARC = YES;
				CLANG_ENABLE_OBJC_WEAK = YES;
				CLANG_WARN_BLOCK_CAPTURE_AUTORELEASING = YES;
				CLANG_WARN_BOOL_CONVERSION = YES;
				CLANG_WARN_COMMA = YES;
				CLANG_WARN_CONSTANT_CONVERSION = YES;
				CLANG_WARN_DEPRECATED_OBJC_IMPLEMENTATIONS = YES;
				CLANG_WARN_DIRECT_OBJC_ISA_USAGE = YES_ERROR;
				CLANG_WARN_DOCUMENTATION_COMMENTS = YES;
				CLANG_WARN_EMPTY_BODY = YES;
				CLANG_WARN_ENUM_CONVERSION = YES;
				CLANG_WARN_INFINITE_RECURSION = YES;
				CLANG_WARN_INT_CONVERSION = YES;
				CLANG_WARN_NON_LITERAL_NULL_CONVERSION = YES;
				CLANG_WARN_OBJC_IMPLICIT_RETAIN_SELF = YES;
				CLANG_WARN_OBJC_LITERAL_CONVERSION = YES;
				CLANG_WARN_OBJC_ROOT_CLASS = YES_ERROR;
				CLANG_WARN_QUOTED_INCLUDE_IN_FRAMEWORK_HEADER = YES;
				CLANG_WARN_RANGE_LOOP_ANALYSIS = YES;
				CLANG_WARN_STRICT_PROTOTYPES = YES;
				CLANG_WARN_SUSPICIOUS_MOVE = YES;
				CLANG_WARN_UNGUARDED_AVAILABILITY = YES_AGGRESSIVE;
				CLANG_WARN_UNREACHABLE_CODE = YES;
				CLANG_WARN__DUPLICATE_METHOD_MATCH = YES;
				COPY_PHASE_STRIP = NO;
				DEBUG_INFORMATION_FORMAT = "dwarf-with-dsym";
				ENABLE_NS_ASSERTIONS = NO;
				ENABLE_STRICT_OBJC_MSGSEND = YES;
				GCC_C_LANGUAGE_STANDARD = gnu11;
				GCC_NO_COMMON_BLOCKS = YES;
				GCC_WARN_64_TO_32_BIT_CONVERSION = YES;
				GCC_WARN_ABOUT_RETURN_TYPE = YES_ERROR;
				GCC_WARN_UNDECLARED_SELECTOR = YES;
				GCC_WARN_UNINITIALIZED_AUTOS = YES_AGGRESSIVE;
				GCC_WARN_UNUSED_FUNCTION = YES;
				GCC_WARN_UNUSED_VARIABLE = YES;
				IPHONEOS_DEPLOYMENT_TARGET = 16.4;
				MTL_ENABLE_DEBUG_INFO = NO;
				MTL_FAST_MATH = YES;
				SDKROOT = iphoneos;
				SWIFT_COMPILATION_MODE = wholemodule;
				SWIFT_OPTIMIZATION_LEVEL = "-O";
				VALIDATE_PRODUCT = YES;
			};
			name = Release;
		};
		06B02CA32A1B469000899F69 /* Debug */ = {
			isa = XCBuildConfiguration;
			buildSettings = {
				ASSETCATALOG_COMPILER_APPICON_NAME = AppIcon;
				ASSETCATALOG_COMPILER_GLOBAL_ACCENT_COLOR_NAME = AccentColor;
				CODE_SIGN_STYLE = Automatic;
				CURRENT_PROJECT_VERSION = 1;
				DEVELOPMENT_TEAM = TY22MAR92C;
				GENERATE_INFOPLIST_FILE = YES;
				INFOPLIST_FILE = NickFireBase/Info.plist;
				INFOPLIST_KEY_UIApplicationSupportsIndirectInputEvents = YES;
				INFOPLIST_KEY_UILaunchStoryboardName = LaunchScreen;
				INFOPLIST_KEY_UIMainStoryboardFile = Main;
				INFOPLIST_KEY_UISupportedInterfaceOrientations_iPad = "UIInterfaceOrientationPortrait UIInterfaceOrientationPortraitUpsideDown UIInterfaceOrientationLandscapeLeft UIInterfaceOrientationLandscapeRight";
				INFOPLIST_KEY_UISupportedInterfaceOrientations_iPhone = "UIInterfaceOrientationPortrait UIInterfaceOrientationLandscapeLeft UIInterfaceOrientationLandscapeRight";
				LD_RUNPATH_SEARCH_PATHS = (
					"$(inherited)",
					"@executable_path/Frameworks",
				);
				MARKETING_VERSION = 1.0;
				PRODUCT_BUNDLE_IDENTIFIER = lkangting.com.Firebase;
				PRODUCT_NAME = "$(TARGET_NAME)";
				SWIFT_EMIT_LOC_STRINGS = YES;
				SWIFT_VERSION = 5.0;
				TARGETED_DEVICE_FAMILY = "1,2";
			};
			name = Debug;
		};
		06B02CA42A1B469000899F69 /* Release */ = {
			isa = XCBuildConfiguration;
			buildSettings = {
				ASSETCATALOG_COMPILER_APPICON_NAME = AppIcon;
				ASSETCATALOG_COMPILER_GLOBAL_ACCENT_COLOR_NAME = AccentColor;
				CODE_SIGN_STYLE = Automatic;
				CURRENT_PROJECT_VERSION = 1;
				DEVELOPMENT_TEAM = TY22MAR92C;
				GENERATE_INFOPLIST_FILE = YES;
				INFOPLIST_FILE = NickFireBase/Info.plist;
				INFOPLIST_KEY_UIApplicationSupportsIndirectInputEvents = YES;
				INFOPLIST_KEY_UILaunchStoryboardName = LaunchScreen;
				INFOPLIST_KEY_UIMainStoryboardFile = Main;
				INFOPLIST_KEY_UISupportedInterfaceOrientations_iPad = "UIInterfaceOrientationPortrait UIInterfaceOrientationPortraitUpsideDown UIInterfaceOrientationLandscapeLeft UIInterfaceOrientationLandscapeRight";
				INFOPLIST_KEY_UISupportedInterfaceOrientations_iPhone = "UIInterfaceOrientationPortrait UIInterfaceOrientationLandscapeLeft UIInterfaceOrientationLandscapeRight";
				LD_RUNPATH_SEARCH_PATHS = (
					"$(inherited)",
					"@executable_path/Frameworks",
				);
				MARKETING_VERSION = 1.0;
				PRODUCT_BUNDLE_IDENTIFIER = lkangting.com.Firebase;
				PRODUCT_NAME = "$(TARGET_NAME)";
				SWIFT_EMIT_LOC_STRINGS = YES;
				SWIFT_VERSION = 5.0;
				TARGETED_DEVICE_FAMILY = "1,2";
			};
			name = Release;
		};
/* End XCBuildConfiguration section */

/* Begin XCConfigurationList section */
		06B02C892A1B468F00899F69 /* Build configuration list for PBXProject "NickFireBase" */ = {
			isa = XCConfigurationList;
			buildConfigurations = (
				06B02CA02A1B469000899F69 /* Debug */,
				06B02CA12A1B469000899F69 /* Release */,
			);
			defaultConfigurationIsVisible = 0;
			defaultConfigurationName = Release;
		};
		06B02CA22A1B469000899F69 /* Build configuration list for PBXNativeTarget "NickFireBase" */ = {
			isa = XCConfigurationList;
			buildConfigurations = (
				06B02CA32A1B469000899F69 /* Debug */,
				06B02CA42A1B469000899F69 /* Release */,
			);
			defaultConfigurationIsVisible = 0;
			defaultConfigurationName = Release;
		};
/* End XCConfigurationList section */

/* Begin XCRemoteSwiftPackageReference section */
		06B02CA72A1B472D00899F69 /* XCRemoteSwiftPackageReference "firebase-ios-sdk" */ = {
			isa = XCRemoteSwiftPackageReference;
			repositoryURL = "https://github.com/firebase/firebase-ios-sdk";
			requirement = {
				kind = upToNextMajorVersion;
				minimumVersion = 10.0.0;
			};
		};
/* End XCRemoteSwiftPackageReference section */

/* Begin XCSwiftPackageProductDependency section */
		06B02CA82A1B472D00899F69 /* FirebaseFirestoreSwift */ = {
			isa = XCSwiftPackageProductDependency;
			package = 06B02CA72A1B472D00899F69 /* XCRemoteSwiftPackageReference "firebase-ios-sdk" */;
			productName = FirebaseFirestoreSwift;
		};
/* End XCSwiftPackageProductDependency section */
	};
	rootObject = 06B02C862A1B468F00899F69 /* Project object */;
}
